
Microsoft Visual Studio Solution File, Format Version 12.00
# Visual Studio Version 16
VisualStudioVersion = 16.0.31911.196
MinimumVisualStudioVersion = 10.0.40219.1
Project("{FAE04EC0-301F-11D3-BF4B-00C04F79EFBC}") = "ExercicioProposto-MetodosAbstratos", "ExercicioProposto-MetodosAbstratos\ExercicioProposto-MetodosAbstratos.csproj", "{4134527F-34E7-41DA-B3E4-5D0A9ABD0784}"
EndProject
Global
	GlobalSection(SolutionConfigurationPlatforms) = preSolution
		Debug|Any CPU = Debug|Any CPU
		Release|Any CPU = Release|Any CPU
	EndGlobalSection
	GlobalSection(ProjectConfigurationPlatforms) = postSolution
		{4134527F-34E7-41DA-B3E4-5D0A9ABD0784}.Debug|Any CPU.ActiveCfg = Debug|Any CPU
		{4134527F-34E7-41DA-B3E4-5D0A9ABD0784}.Debug|Any CPU.Build.0 = Debug|Any CPU
		{4134527F-34E7-41DA-B3E4-5D0A9ABD0784}.Release|Any CPU.ActiveCfg = Release|Any CPU
		{4134527F-34E7-41DA-B3E4-5D0A9ABD0784}.Release|Any CPU.Build.0 = Release|Any CPU
	EndGlobalSection
	GlobalSection(SolutionProperties) = preSolution
		HideSolutionNode = FALSE
	EndGlobalSection
	GlobalSection(ExtensibilityGlobals) = postSolution
		SolutionGuid = {3D5CEA30-BE50-4E5B-ADA5-86E20B92B9EF}
	EndGlobalSection
EndGlobal
